
Microsoft Visual Studio Solution File, Format Version 12.00
# Visual Studio Version 16
VisualStudioVersion = 16.0.31727.386
MinimumVisualStudioVersion = 10.0.40219.1
Project("{9A19103F-16F7-4668-BE54-9A1E7A4F7556}") = "DataAccess", "DataAccess\DataAccess.csproj", "{A3D2C848-01E6-48F8-9CE0-18C1BC4B9D83}"
EndProject
Project("{9A19103F-16F7-4668-BE54-9A1E7A4F7556}") = "Business", "Business\Business.csproj", "{1A3EF02D-0FB5-40DD-AFE6-82D71EE77FC1}"
EndProject
Project("{9A19103F-16F7-4668-BE54-9A1E7A4F7556}") = "ConsoleUI", "ConsoleUI\ConsoleUI.csproj", "{F4C5E9C2-84DA-4D39-A90C-E951B275AF5C}"
EndProject
Project("{9A19103F-16F7-4668-BE54-9A1E7A4F7556}") = "Entities", "Entities\Entities.csproj", "{F377590C-89E7-40BF-9503-1BE12A79DAB6}"
EndProject
Project("{FAE04EC0-301F-11D3-BF4B-00C04F79EFBC}") = "Core", "Core\Core.csproj", "{0B503456-09E7-415D-8F35-3993A504F6FB}"
EndProject
Global
	GlobalSection(SolutionConfigurationPlatforms) = preSolution
		Debug|Any CPU = Debug|Any CPU
		Release|Any CPU = Release|Any CPU
	EndGlobalSection
	GlobalSection(ProjectConfigurationPlatforms) = postSolution
		{A3D2C848-01E6-48F8-9CE0-18C1BC4B9D83}.Debug|Any CPU.ActiveCfg = Debug|Any CPU
		{A3D2C848-01E6-48F8-9CE0-18C1BC4B9D83}.Debug|Any CPU.Build.0 = Debug|Any CPU
		{A3D2C848-01E6-48F8-9CE0-18C1BC4B9D83}.Release|Any CPU.ActiveCfg = Release|Any CPU
		{A3D2C848-01E6-48F8-9CE0-18C1BC4B9D83}.Release|Any CPU.Build.0 = Release|Any CPU
		{1A3EF02D-0FB5-40DD-AFE6-82D71EE77FC1}.Debug|Any CPU.ActiveCfg = Debug|Any CPU
		{1A3EF02D-0FB5-40DD-AFE6-82D71EE77FC1}.Debug|Any CPU.Build.0 = Debug|Any CPU
		{1A3EF02D-0FB5-40DD-AFE6-82D71EE77FC1}.Release|Any CPU.ActiveCfg = Release|Any CPU
		{1A3EF02D-0FB5-40DD-AFE6-82D71EE77FC1}.Release|Any CPU.Build.0 = Release|Any CPU
		{F4C5E9C2-84DA-4D39-A90C-E951B275AF5C}.Debug|Any CPU.ActiveCfg = Debug|Any CPU
		{F4C5E9C2-84DA-4D39-A90C-E951B275AF5C}.Debug|Any CPU.Build.0 = Debug|Any CPU
		{F4C5E9C2-84DA-4D39-A90C-E951B275AF5C}.Release|Any CPU.ActiveCfg = Release|Any CPU
		{F4C5E9C2-84DA-4D39-A90C-E951B275AF5C}.Release|Any CPU.Build.0 = Release|Any CPU
		{F377590C-89E7-40BF-9503-1BE12A79DAB6}.Debug|Any CPU.ActiveCfg = Debug|Any CPU
		{F377590C-89E7-40BF-9503-1BE12A79DAB6}.Debug|Any CPU.Build.0 = Debug|Any CPU
		{F377590C-89E7-40BF-9503-1BE12A79DAB6}.Release|Any CPU.ActiveCfg = Release|Any CPU
		{F377590C-89E7-40BF-9503-1BE12A79DAB6}.Release|Any CPU.Build.0 = Release|Any CPU
		{0B503456-09E7-415D-8F35-3993A504F6FB}.Debug|Any CPU.ActiveCfg = Debug|Any CPU
		{0B503456-09E7-415D-8F35-3993A504F6FB}.Debug|Any CPU.Build.0 = Debug|Any CPU
		{0B503456-09E7-415D-8F35-3993A504F6FB}.Release|Any CPU.ActiveCfg = Release|Any CPU
		{0B503456-09E7-415D-8F35-3993A504F6FB}.Release|Any CPU.Build.0 = Release|Any CPU
	EndGlobalSection
	GlobalSection(SolutionProperties) = preSolution
		HideSolutionNode = FALSE
	EndGlobalSection
	GlobalSection(ExtensibilityGlobals) = postSolution
		SolutionGuid = {99031DDC-EDB3-4416-B92A-FAF8D46AA58C}
	EndGlobalSection
EndGlobal
